
Microsoft Visual Studio Solution File, Format Version 12.00
# Visual Studio 14
VisualStudioVersion = 14.0.25420.1
MinimumVisualStudioVersion = 10.0.40219.1
Project("{FAE04EC0-301F-11D3-BF4B-00C04F79EFBC}") = "SistemaVales.Dao", "SistemaVales.Dao\SistemaVales.Dao.csproj", "{4D0F8ED1-20BF-4C12-A65B-D87516A8437E}"
EndProject
Project("{FAE04EC0-301F-11D3-BF4B-00C04F79EFBC}") = "SistemaVales.Servicio", "WcfService1\SistemaVales.Servicio.csproj", "{14A6D24A-3A5D-4C7F-A6D2-3F38A4EBD131}"
EndProject
Project("{FAE04EC0-301F-11D3-BF4B-00C04F79EFBC}") = "ConsoleApplication1", "ConsoleApplication1\ConsoleApplication1.csproj", "{09065E33-F180-4C5A-91B2-092646CDA256}"
EndProject
Project("{FAE04EC0-301F-11D3-BF4B-00C04F79EFBC}") = "SistemaVales.Negocio", "SistemaVales.Negocio\SistemaVales.Negocio.csproj", "{96EE8EAC-16F0-4679-B68F-4F8934B47529}"
EndProject
Global
	GlobalSection(SolutionConfigurationPlatforms) = preSolution
		Debug|Any CPU = Debug|Any CPU
		Release|Any CPU = Release|Any CPU
	EndGlobalSection
	GlobalSection(ProjectConfigurationPlatforms) = postSolution
		{4D0F8ED1-20BF-4C12-A65B-D87516A8437E}.Debug|Any CPU.ActiveCfg = Debug|Any CPU
		{4D0F8ED1-20BF-4C12-A65B-D87516A8437E}.Debug|Any CPU.Build.0 = Debug|Any CPU
		{4D0F8ED1-20BF-4C12-A65B-D87516A8437E}.Release|Any CPU.ActiveCfg = Release|Any CPU
		{4D0F8ED1-20BF-4C12-A65B-D87516A8437E}.Release|Any CPU.Build.0 = Release|Any CPU
		{14A6D24A-3A5D-4C7F-A6D2-3F38A4EBD131}.Debug|Any CPU.ActiveCfg = Debug|Any CPU
		{14A6D24A-3A5D-4C7F-A6D2-3F38A4EBD131}.Debug|Any CPU.Build.0 = Debug|Any CPU
		{14A6D24A-3A5D-4C7F-A6D2-3F38A4EBD131}.Release|Any CPU.ActiveCfg = Release|Any CPU
		{14A6D24A-3A5D-4C7F-A6D2-3F38A4EBD131}.Release|Any CPU.Build.0 = Release|Any CPU
		{09065E33-F180-4C5A-91B2-092646CDA256}.Debug|Any CPU.ActiveCfg = Debug|Any CPU
		{09065E33-F180-4C5A-91B2-092646CDA256}.Debug|Any CPU.Build.0 = Debug|Any CPU
		{09065E33-F180-4C5A-91B2-092646CDA256}.Release|Any CPU.ActiveCfg = Release|Any CPU
		{09065E33-F180-4C5A-91B2-092646CDA256}.Release|Any CPU.Build.0 = Release|Any CPU
		{96EE8EAC-16F0-4679-B68F-4F8934B47529}.Debug|Any CPU.ActiveCfg = Debug|Any CPU
		{96EE8EAC-16F0-4679-B68F-4F8934B47529}.Debug|Any CPU.Build.0 = Debug|Any CPU
		{96EE8EAC-16F0-4679-B68F-4F8934B47529}.Release|Any CPU.ActiveCfg = Release|Any CPU
		{96EE8EAC-16F0-4679-B68F-4F8934B47529}.Release|Any CPU.Build.0 = Release|Any CPU
	EndGlobalSection
	GlobalSection(SolutionProperties) = preSolution
		HideSolutionNode = FALSE
	EndGlobalSection
EndGlobal
